
Microsoft Visual Studio Solution File, Format Version 12.00
# Visual Studio Version 17
VisualStudioVersion = 17.11.35222.181
MinimumVisualStudioVersion = 10.0.40219.1
Project("{FAE04EC0-301F-11D3-BF4B-00C04F79EFBC}") = "monitor-local-ip", "monitor-local-ip.csproj", "{6A330AE4-01B1-4B10-87DE-374A3249A7EC}"
EndProject
Global
	GlobalSection(SolutionConfigurationPlatforms) = preSolution
		Debug|Any CPU = Debug|Any CPU
		Release|Any CPU = Release|Any CPU
	EndGlobalSection
	GlobalSection(ProjectConfigurationPlatforms) = postSolution
		{6A330AE4-01B1-4B10-87DE-374A3249A7EC}.Debug|Any CPU.ActiveCfg = Debug|Any CPU
		{6A330AE4-01B1-4B10-87DE-374A3249A7EC}.Debug|Any CPU.Build.0 = Debug|Any CPU
		{6A330AE4-01B1-4B10-87DE-374A3249A7EC}.Release|Any CPU.ActiveCfg = Release|Any CPU
		{6A330AE4-01B1-4B10-87DE-374A3249A7EC}.Release|Any CPU.Build.0 = Release|Any CPU
	EndGlobalSection
	GlobalSection(SolutionProperties) = preSolution
		HideSolutionNode = FALSE
	EndGlobalSection
	GlobalSection(ExtensibilityGlobals) = postSolution
		SolutionGuid = {230E70BF-04CE-45C5-94FE-004007EBC5B5}
	EndGlobalSection
EndGlobal
